# This file is autogenerated, do not edit; changes may be undone by the next 'dep ensure'.


[[projects]]
  digest = "1:e20a9d6598878d629e04541d96076bf232c1ee36f6b267c4a5dae7779f15c36a"
  name = "github.com/gogo/protobuf"
  packages = [
    "gogoproto",
    "proto",
    "protoc-gen-gogo/descriptor",
  ]
  pruneopts = "UT"
  revision = "5628607bb4c51c3157aacc3a50f0ab707582b805"
  version = "v1.3.1"

[[projects]]
  digest = "1:9b8ee267e79a1730cde2e326cc53035913fce52ceef48142c24f3a15e3c65cb3"
  name = "github.com/nats-io/jwt"
  packages = ["."]
  pruneopts = "UT"
  revision = "0c3fc7aed8bb2534e7bfdf0968a75890402d48cd"
  version = "v0.3.2"

[[projects]]
  digest = "1:fabb58b7de2951b05fbe8e1f7c98e449f650883ac15763aeb54ab9afe7be20de"
  name = "github.com/nats-io/nats.go"
  packages = [
    ".",
    "encoders/builtin",
    "util",
  ]
  pruneopts = "UT"
  revision = "6063d679d23ae5b3edb4030d5e89a6e30ea53bc6"
  version = "v1.9.1"

[[projects]]
  digest = "1:229998a2544a3cc03959600ac0869eb2e0b6c2ec7a8999ff8dd98e5aa6d35d62"
  name = "github.com/nats-io/nkeys"
  packages = ["."]
  pruneopts = "UT"
  revision = "f1930e19b436412202ab130a733187cc6f40ba7e"
  version = "v0.1.3"

[[projects]]
  digest = "1:599f3202ce0a754144ddc4be4c6df9c6ab27b1d722a63ede6b2e0c3a2cc338a8"
  name = "github.com/nats-io/nuid"
  packages = ["."]
  pruneopts = "UT"
  revision = "4b96681fa6d28dd0ab5fe79bac63b3a493d9ee94"
  version = "v1.0.1"

[[projects]]
  digest = "1:6bc50dacd6fe6486b20e23adb7224c4a2a4f32387f717505d2579202126d4e4e"
  name = "github.com/nats-io/stan.go"
  packages = [
    ".",
    "pb",
  ]
  pruneopts = "UT"
  revision = "5506c5c7bb4296fddaeba70058254cde531476c5"
  version = "v0.7.0"

[[projects]]
  branch = "master"
  digest = "1:cd7e85fc3687e062714febdee3e8efeb00a413a2a620d28908fd0258261d2353"
  name = "golang.org/x/crypto"
  packages = [
    "ed25519",
    "ed25519/internal/edwards25519",
  ]
  pruneopts = "UT"
  revision = "c9f3fb736b729628ec1e9c1a6b4313e883f452f9"

[solve-meta]
  analyzer-name = "dep"
  analyzer-version = 1
  input-imports = [
    "github.com/nats-io/nats.go",
    "github.com/nats-io/stan.go",
  ]
  solver-name = "gps-cdcl"
  solver-version = 1
